
Microsoft Visual Studio Solution File, Format Version 10.00
# Visual Web Developer Express 2008
Project("{00000000-0000-0000-0000-000000000000}") = "AubitDesktopWeb", "AubitDesktopWeb.csproj", "{8329F520-87D5-4F7A-AB39-13AF99C13271}"
EndProject
Global
	GlobalSection(SolutionConfigurationPlatforms) = preSolution
		Debug|Any CPU = Debug|Any CPU
		Release|Any CPU = Release|Any CPU
	EndGlobalSection
	GlobalSection(ProjectConfigurationPlatforms) = postSolution
		{8329F520-87D5-4F7A-AB39-13AF99C13271}.Debug|Any CPU.ActiveCfg = Debug|Any CPU
		{8329F520-87D5-4F7A-AB39-13AF99C13271}.Debug|Any CPU.Build.0 = Debug|Any CPU
		{8329F520-87D5-4F7A-AB39-13AF99C13271}.Release|Any CPU.ActiveCfg = Release|Any CPU
		{8329F520-87D5-4F7A-AB39-13AF99C13271}.Release|Any CPU.Build.0 = Release|Any CPU
	EndGlobalSection
	GlobalSection(SolutionProperties) = preSolution
		HideSolutionNode = FALSE
	EndGlobalSection
EndGlobal
